
Microsoft Visual Studio Solution File, Format Version 12.00
# Visual Studio Version 17
VisualStudioVersion = 17.0.31903.59
MinimumVisualStudioVersion = 10.0.40219.1
Project("{2150E333-8FDC-42A3-9474-1A3956D46DE8}") = "Lambdas", "lambdas", "{170460D4-8667-410A-A343-AD3C8281A460}"
EndProject
Project("{FAE04EC0-301F-11D3-BF4B-00C04F79EFBC}") = "RandomNumber", "lambdas\RandomNumber\RandomNumber.csproj", "{C8BD1580-ABAB-4F25-AC73-9C7DEB6E53DD}"
EndProject
Project("{FAE04EC0-301F-11D3-BF4B-00C04F79EFBC}") = "RandomNumber.Tests", "lambdas\RandomNumber.Tests\RandomNumber.Tests.csproj", "{6793DB78-AAB2-42E8-851B-2636CBA570E5}"
EndProject
Project("{FAE04EC0-301F-11D3-BF4B-00C04F79EFBC}") = "RecordTime", "lambdas\RecordTime\RecordTime.csproj", "{26DE3C4D-11F7-4769-8F76-C5E6A5542FA0}"
EndProject
Project("{2150E333-8FDC-42A3-9474-1A3956D46DE8}") = "Libraries", "libraries", "{8D848206-2B80-4FAE-88AE-7C135E99C18A}"
EndProject
Project("{FAE04EC0-301F-11D3-BF4B-00C04F79EFBC}") = "DatabaseClasses", "libraries\DatabaseClasses\DatabaseClasses.csproj", "{63FFFB99-6CB5-4DAE-9E93-BA188B54BEB8}"
EndProject
Project("{FAE04EC0-301F-11D3-BF4B-00C04F79EFBC}") = "DatabaseClasses.Tests", "libraries\DatabaseClasses.Tests\DatabaseClasses.Tests.csproj", "{AEBE2C51-B6BF-42E9-B3E7-1B9A4E53B240}"
EndProject
Project("{FAE04EC0-301F-11D3-BF4B-00C04F79EFBC}") = "LambdaClasses", "libraries\LambdaClasses\LambdaClasses.csproj", "{2BDD89AE-840B-4FF4-9C79-5831A1579B84}"
EndProject
Project("{FAE04EC0-301F-11D3-BF4B-00C04F79EFBC}") = "Tests", "libraries\Tests\Tests.csproj", "{F31BAA8C-8E32-4F08-AE8A-3D5F3C3D0923}"
EndProject
Global
	GlobalSection(SolutionConfigurationPlatforms) = preSolution
		Debug|Any CPU = Debug|Any CPU
		Debug|x64 = Debug|x64
		Debug|x86 = Debug|x86
		Release|Any CPU = Release|Any CPU
		Release|x64 = Release|x64
		Release|x86 = Release|x86
	EndGlobalSection
	GlobalSection(ProjectConfigurationPlatforms) = postSolution
		{63FFFB99-6CB5-4DAE-9E93-BA188B54BEB8}.Debug|Any CPU.ActiveCfg = Debug|Any CPU
		{63FFFB99-6CB5-4DAE-9E93-BA188B54BEB8}.Debug|Any CPU.Build.0 = Debug|Any CPU
		{63FFFB99-6CB5-4DAE-9E93-BA188B54BEB8}.Debug|x64.ActiveCfg = Debug|Any CPU
		{63FFFB99-6CB5-4DAE-9E93-BA188B54BEB8}.Debug|x64.Build.0 = Debug|Any CPU
		{63FFFB99-6CB5-4DAE-9E93-BA188B54BEB8}.Debug|x86.ActiveCfg = Debug|Any CPU
		{63FFFB99-6CB5-4DAE-9E93-BA188B54BEB8}.Debug|x86.Build.0 = Debug|Any CPU
		{63FFFB99-6CB5-4DAE-9E93-BA188B54BEB8}.Release|Any CPU.ActiveCfg = Release|Any CPU
		{63FFFB99-6CB5-4DAE-9E93-BA188B54BEB8}.Release|Any CPU.Build.0 = Release|Any CPU
		{63FFFB99-6CB5-4DAE-9E93-BA188B54BEB8}.Release|x64.ActiveCfg = Release|Any CPU
		{63FFFB99-6CB5-4DAE-9E93-BA188B54BEB8}.Release|x64.Build.0 = Release|Any CPU
		{63FFFB99-6CB5-4DAE-9E93-BA188B54BEB8}.Release|x86.ActiveCfg = Release|Any CPU
		{63FFFB99-6CB5-4DAE-9E93-BA188B54BEB8}.Release|x86.Build.0 = Release|Any CPU
		{AEBE2C51-B6BF-42E9-B3E7-1B9A4E53B240}.Debug|Any CPU.ActiveCfg = Debug|Any CPU
		{AEBE2C51-B6BF-42E9-B3E7-1B9A4E53B240}.Debug|Any CPU.Build.0 = Debug|Any CPU
		{AEBE2C51-B6BF-42E9-B3E7-1B9A4E53B240}.Debug|x64.ActiveCfg = Debug|Any CPU
		{AEBE2C51-B6BF-42E9-B3E7-1B9A4E53B240}.Debug|x64.Build.0 = Debug|Any CPU
		{AEBE2C51-B6BF-42E9-B3E7-1B9A4E53B240}.Debug|x86.ActiveCfg = Debug|Any CPU
		{AEBE2C51-B6BF-42E9-B3E7-1B9A4E53B240}.Debug|x86.Build.0 = Debug|Any CPU
		{AEBE2C51-B6BF-42E9-B3E7-1B9A4E53B240}.Release|Any CPU.ActiveCfg = Release|Any CPU
		{AEBE2C51-B6BF-42E9-B3E7-1B9A4E53B240}.Release|Any CPU.Build.0 = Release|Any CPU
		{AEBE2C51-B6BF-42E9-B3E7-1B9A4E53B240}.Release|x64.ActiveCfg = Release|Any CPU
		{AEBE2C51-B6BF-42E9-B3E7-1B9A4E53B240}.Release|x64.Build.0 = Release|Any CPU
		{AEBE2C51-B6BF-42E9-B3E7-1B9A4E53B240}.Release|x86.ActiveCfg = Release|Any CPU
		{AEBE2C51-B6BF-42E9-B3E7-1B9A4E53B240}.Release|x86.Build.0 = Release|Any CPU
		{2BDD89AE-840B-4FF4-9C79-5831A1579B84}.Debug|Any CPU.ActiveCfg = Debug|Any CPU
		{2BDD89AE-840B-4FF4-9C79-5831A1579B84}.Debug|Any CPU.Build.0 = Debug|Any CPU
		{2BDD89AE-840B-4FF4-9C79-5831A1579B84}.Debug|x64.ActiveCfg = Debug|Any CPU
		{2BDD89AE-840B-4FF4-9C79-5831A1579B84}.Debug|x64.Build.0 = Debug|Any CPU
		{2BDD89AE-840B-4FF4-9C79-5831A1579B84}.Debug|x86.ActiveCfg = Debug|Any CPU
		{2BDD89AE-840B-4FF4-9C79-5831A1579B84}.Debug|x86.Build.0 = Debug|Any CPU
		{2BDD89AE-840B-4FF4-9C79-5831A1579B84}.Release|Any CPU.ActiveCfg = Release|Any CPU
		{2BDD89AE-840B-4FF4-9C79-5831A1579B84}.Release|Any CPU.Build.0 = Release|Any CPU
		{2BDD89AE-840B-4FF4-9C79-5831A1579B84}.Release|x64.ActiveCfg = Release|Any CPU
		{2BDD89AE-840B-4FF4-9C79-5831A1579B84}.Release|x64.Build.0 = Release|Any CPU
		{2BDD89AE-840B-4FF4-9C79-5831A1579B84}.Release|x86.ActiveCfg = Release|Any CPU
		{2BDD89AE-840B-4FF4-9C79-5831A1579B84}.Release|x86.Build.0 = Release|Any CPU
		{C8BD1580-ABAB-4F25-AC73-9C7DEB6E53DD}.Debug|Any CPU.ActiveCfg = Debug|Any CPU
		{C8BD1580-ABAB-4F25-AC73-9C7DEB6E53DD}.Debug|Any CPU.Build.0 = Debug|Any CPU
		{C8BD1580-ABAB-4F25-AC73-9C7DEB6E53DD}.Debug|x64.ActiveCfg = Debug|Any CPU
		{C8BD1580-ABAB-4F25-AC73-9C7DEB6E53DD}.Debug|x64.Build.0 = Debug|Any CPU
		{C8BD1580-ABAB-4F25-AC73-9C7DEB6E53DD}.Debug|x86.ActiveCfg = Debug|Any CPU
		{C8BD1580-ABAB-4F25-AC73-9C7DEB6E53DD}.Debug|x86.Build.0 = Debug|Any CPU
		{C8BD1580-ABAB-4F25-AC73-9C7DEB6E53DD}.Release|Any CPU.ActiveCfg = Release|Any CPU
		{C8BD1580-ABAB-4F25-AC73-9C7DEB6E53DD}.Release|Any CPU.Build.0 = Release|Any CPU
		{C8BD1580-ABAB-4F25-AC73-9C7DEB6E53DD}.Release|x64.ActiveCfg = Release|Any CPU
		{C8BD1580-ABAB-4F25-AC73-9C7DEB6E53DD}.Release|x64.Build.0 = Release|Any CPU
		{C8BD1580-ABAB-4F25-AC73-9C7DEB6E53DD}.Release|x86.ActiveCfg = Release|Any CPU
		{C8BD1580-ABAB-4F25-AC73-9C7DEB6E53DD}.Release|x86.Build.0 = Release|Any CPU
		{6793DB78-AAB2-42E8-851B-2636CBA570E5}.Debug|Any CPU.ActiveCfg = Debug|Any CPU
		{6793DB78-AAB2-42E8-851B-2636CBA570E5}.Debug|Any CPU.Build.0 = Debug|Any CPU
		{6793DB78-AAB2-42E8-851B-2636CBA570E5}.Debug|x64.ActiveCfg = Debug|Any CPU
		{6793DB78-AAB2-42E8-851B-2636CBA570E5}.Debug|x64.Build.0 = Debug|Any CPU
		{6793DB78-AAB2-42E8-851B-2636CBA570E5}.Debug|x86.ActiveCfg = Debug|Any CPU
		{6793DB78-AAB2-42E8-851B-2636CBA570E5}.Debug|x86.Build.0 = Debug|Any CPU
		{6793DB78-AAB2-42E8-851B-2636CBA570E5}.Release|Any CPU.ActiveCfg = Release|Any CPU
		{6793DB78-AAB2-42E8-851B-2636CBA570E5}.Release|Any CPU.Build.0 = Release|Any CPU
		{6793DB78-AAB2-42E8-851B-2636CBA570E5}.Release|x64.ActiveCfg = Release|Any CPU
		{6793DB78-AAB2-42E8-851B-2636CBA570E5}.Release|x64.Build.0 = Release|Any CPU
		{6793DB78-AAB2-42E8-851B-2636CBA570E5}.Release|x86.ActiveCfg = Release|Any CPU
		{6793DB78-AAB2-42E8-851B-2636CBA570E5}.Release|x86.Build.0 = Release|Any CPU
		{26DE3C4D-11F7-4769-8F76-C5E6A5542FA0}.Debug|Any CPU.ActiveCfg = Debug|Any CPU
		{26DE3C4D-11F7-4769-8F76-C5E6A5542FA0}.Debug|Any CPU.Build.0 = Debug|Any CPU
		{26DE3C4D-11F7-4769-8F76-C5E6A5542FA0}.Debug|x64.ActiveCfg = Debug|Any CPU
		{26DE3C4D-11F7-4769-8F76-C5E6A5542FA0}.Debug|x64.Build.0 = Debug|Any CPU
		{26DE3C4D-11F7-4769-8F76-C5E6A5542FA0}.Debug|x86.ActiveCfg = Debug|Any CPU
		{26DE3C4D-11F7-4769-8F76-C5E6A5542FA0}.Debug|x86.Build.0 = Debug|Any CPU
		{26DE3C4D-11F7-4769-8F76-C5E6A5542FA0}.Release|Any CPU.ActiveCfg = Release|Any CPU
		{26DE3C4D-11F7-4769-8F76-C5E6A5542FA0}.Release|Any CPU.Build.0 = Release|Any CPU
		{26DE3C4D-11F7-4769-8F76-C5E6A5542FA0}.Release|x64.ActiveCfg = Release|Any CPU
		{26DE3C4D-11F7-4769-8F76-C5E6A5542FA0}.Release|x64.Build.0 = Release|Any CPU
		{26DE3C4D-11F7-4769-8F76-C5E6A5542FA0}.Release|x86.ActiveCfg = Release|Any CPU
		{26DE3C4D-11F7-4769-8F76-C5E6A5542FA0}.Release|x86.Build.0 = Release|Any CPU
		{F31BAA8C-8E32-4F08-AE8A-3D5F3C3D0923}.Debug|Any CPU.ActiveCfg = Debug|Any CPU
		{F31BAA8C-8E32-4F08-AE8A-3D5F3C3D0923}.Debug|Any CPU.Build.0 = Debug|Any CPU
		{F31BAA8C-8E32-4F08-AE8A-3D5F3C3D0923}.Debug|x64.ActiveCfg = Debug|Any CPU
		{F31BAA8C-8E32-4F08-AE8A-3D5F3C3D0923}.Debug|x64.Build.0 = Debug|Any CPU
		{F31BAA8C-8E32-4F08-AE8A-3D5F3C3D0923}.Debug|x86.ActiveCfg = Debug|Any CPU
		{F31BAA8C-8E32-4F08-AE8A-3D5F3C3D0923}.Debug|x86.Build.0 = Debug|Any CPU
		{F31BAA8C-8E32-4F08-AE8A-3D5F3C3D0923}.Release|Any CPU.ActiveCfg = Release|Any CPU
		{F31BAA8C-8E32-4F08-AE8A-3D5F3C3D0923}.Release|Any CPU.Build.0 = Release|Any CPU
		{F31BAA8C-8E32-4F08-AE8A-3D5F3C3D0923}.Release|x64.ActiveCfg = Release|Any CPU
		{F31BAA8C-8E32-4F08-AE8A-3D5F3C3D0923}.Release|x64.Build.0 = Release|Any CPU
		{F31BAA8C-8E32-4F08-AE8A-3D5F3C3D0923}.Release|x86.ActiveCfg = Release|Any CPU
		{F31BAA8C-8E32-4F08-AE8A-3D5F3C3D0923}.Release|x86.Build.0 = Release|Any CPU
	EndGlobalSection
	GlobalSection(NestedProjects) = preSolution
		{63FFFB99-6CB5-4DAE-9E93-BA188B54BEB8} = {8D848206-2B80-4FAE-88AE-7C135E99C18A}
		{AEBE2C51-B6BF-42E9-B3E7-1B9A4E53B240} = {8D848206-2B80-4FAE-88AE-7C135E99C18A}
		{2BDD89AE-840B-4FF4-9C79-5831A1579B84} = {8D848206-2B80-4FAE-88AE-7C135E99C18A}
		{F31BAA8C-8E32-4F08-AE8A-3D5F3C3D0923} = {8D848206-2B80-4FAE-88AE-7C135E99C18A}		
		{C8BD1580-ABAB-4F25-AC73-9C7DEB6E53DD} = {170460D4-8667-410A-A343-AD3C8281A460}
		{6793DB78-AAB2-42E8-851B-2636CBA570E5} = {170460D4-8667-410A-A343-AD3C8281A460}
		{26DE3C4D-11F7-4769-8F76-C5E6A5542FA0} = {170460D4-8667-410A-A343-AD3C8281A460}
	EndGlobalSection
EndGlobal
